
Microsoft Visual Studio Solution File, Format Version 12.00
# Visual Studio Version 17
VisualStudioVersion = 17.0.31903.59
MinimumVisualStudioVersion = 10.0.40219.1
Project("{FAE04EC0-301F-11D3-BF4B-00C04F79EFBC}") = "Shortie.Api", "Shortie.Api\Shortie.Api.csproj", "{48B61989-C488-4A51-B7A2-31159F45627F}"
EndProject
Project("{FAE04EC0-301F-11D3-BF4B-00C04F79EFBC}") = "Shortie.Api.Tests", "Shortie.Api.Tests\Shortie.Api.Tests.csproj", "{9F8A52FC-EFE1-4EDB-8533-154D75728712}"
EndProject
Global
	GlobalSection(SolutionConfigurationPlatforms) = preSolution
		Debug|Any CPU = Debug|Any CPU
		Debug|x64 = Debug|x64
		Debug|x86 = Debug|x86
		Release|Any CPU = Release|Any CPU
		Release|x64 = Release|x64
		Release|x86 = Release|x86
	EndGlobalSection
	GlobalSection(ProjectConfigurationPlatforms) = postSolution
		{48B61989-C488-4A51-B7A2-31159F45627F}.Debug|Any CPU.ActiveCfg = Debug|Any CPU
		{48B61989-C488-4A51-B7A2-31159F45627F}.Debug|Any CPU.Build.0 = Debug|Any CPU
		{48B61989-C488-4A51-B7A2-31159F45627F}.Debug|x64.ActiveCfg = Debug|Any CPU
		{48B61989-C488-4A51-B7A2-31159F45627F}.Debug|x64.Build.0 = Debug|Any CPU
		{48B61989-C488-4A51-B7A2-31159F45627F}.Debug|x86.ActiveCfg = Debug|Any CPU
		{48B61989-C488-4A51-B7A2-31159F45627F}.Debug|x86.Build.0 = Debug|Any CPU
		{48B61989-C488-4A51-B7A2-31159F45627F}.Release|Any CPU.ActiveCfg = Release|Any CPU
		{48B61989-C488-4A51-B7A2-31159F45627F}.Release|Any CPU.Build.0 = Release|Any CPU
		{48B61989-C488-4A51-B7A2-31159F45627F}.Release|x64.ActiveCfg = Release|Any CPU
		{48B61989-C488-4A51-B7A2-31159F45627F}.Release|x64.Build.0 = Release|Any CPU
		{48B61989-C488-4A51-B7A2-31159F45627F}.Release|x86.ActiveCfg = Release|Any CPU
		{48B61989-C488-4A51-B7A2-31159F45627F}.Release|x86.Build.0 = Release|Any CPU
		{9F8A52FC-EFE1-4EDB-8533-154D75728712}.Debug|Any CPU.ActiveCfg = Debug|Any CPU
		{9F8A52FC-EFE1-4EDB-8533-154D75728712}.Debug|Any CPU.Build.0 = Debug|Any CPU
		{9F8A52FC-EFE1-4EDB-8533-154D75728712}.Debug|x64.ActiveCfg = Debug|Any CPU
		{9F8A52FC-EFE1-4EDB-8533-154D75728712}.Debug|x64.Build.0 = Debug|Any CPU
		{9F8A52FC-EFE1-4EDB-8533-154D75728712}.Debug|x86.ActiveCfg = Debug|Any CPU
		{9F8A52FC-EFE1-4EDB-8533-154D75728712}.Debug|x86.Build.0 = Debug|Any CPU
		{9F8A52FC-EFE1-4EDB-8533-154D75728712}.Release|Any CPU.ActiveCfg = Release|Any CPU
		{9F8A52FC-EFE1-4EDB-8533-154D75728712}.Release|Any CPU.Build.0 = Release|Any CPU
		{9F8A52FC-EFE1-4EDB-8533-154D75728712}.Release|x64.ActiveCfg = Release|Any CPU
		{9F8A52FC-EFE1-4EDB-8533-154D75728712}.Release|x64.Build.0 = Release|Any CPU
		{9F8A52FC-EFE1-4EDB-8533-154D75728712}.Release|x86.ActiveCfg = Release|Any CPU
		{9F8A52FC-EFE1-4EDB-8533-154D75728712}.Release|x86.Build.0 = Release|Any CPU
	EndGlobalSection
	GlobalSection(SolutionProperties) = preSolution
		HideSolutionNode = FALSE
	EndGlobalSection
EndGlobal
